
Microsoft Visual Studio Solution File, Format Version 12.00
# Visual Studio 15
VisualStudioVersion = 15.0.28307.329
MinimumVisualStudioVersion = 10.0.40219.1
Project("{FAE04EC0-301F-11D3-BF4B-00C04F79EFBC}") = "ConsoleApp3", "ConsoleApp3\ConsoleApp3.csproj", "{ADE82FCD-FD51-47FD-8CB8-51094BA2C4A2}"
EndProject
Global
	GlobalSection(SolutionConfigurationPlatforms) = preSolution
		Debug|Any CPU = Debug|Any CPU
		Release|Any CPU = Release|Any CPU
	EndGlobalSection
	GlobalSection(ProjectConfigurationPlatforms) = postSolution
		{ADE82FCD-FD51-47FD-8CB8-51094BA2C4A2}.Debug|Any CPU.ActiveCfg = Debug|Any CPU
		{ADE82FCD-FD51-47FD-8CB8-51094BA2C4A2}.Debug|Any CPU.Build.0 = Debug|Any CPU
		{ADE82FCD-FD51-47FD-8CB8-51094BA2C4A2}.Release|Any CPU.ActiveCfg = Release|Any CPU
		{ADE82FCD-FD51-47FD-8CB8-51094BA2C4A2}.Release|Any CPU.Build.0 = Release|Any CPU
	EndGlobalSection
	GlobalSection(SolutionProperties) = preSolution
		HideSolutionNode = FALSE
	EndGlobalSection
	GlobalSection(ExtensibilityGlobals) = postSolution
		SolutionGuid = {79AE3845-9907-4941-9E5A-9DCA111DC80B}
	EndGlobalSection
EndGlobal
